{
  "name": "reddit-bots",
  "version": "1.0.0",
  "lockfileVersion": 1,
  "requires": true,
  "dependencies": {
    "async.queue": {
      "version": "0.5.2",
      "resolved": "https://registry.npmjs.org/async.queue/-/async.queue-0.5.2.tgz",
      "integrity": "sha1-jV2QgS4UgQZrwJBOjMFxKxfDvXw=",
      "requires": {
        "async.util.queue": "0.5.2"
      }
    },
    "async.util.arrayeach": {
      "version": "0.5.2",
      "resolved": "https://registry.npmjs.org/async.util.arrayeach/-/async.util.arrayeach-0.5.2.tgz",
      "integrity": "sha1-WMTpgCjVXWm/sFrrOvROClVagpw="
    },
    "async.util.isarray": {
      "version": "0.5.2",
      "resolved": "https://registry.npmjs.org/async.util.isarray/-/async.util.isarray-0.5.2.tgz",
      "integrity": "sha1-5i2sjyY29lh13PdSHC0k0N+yu98="
    },
    "async.util.map": {
      "version": "0.5.2",
      "resolved": "https://registry.npmjs.org/async.util.map/-/async.util.map-0.5.2.tgz",
      "integrity": "sha1-5YjvhuCzq18CfZevTWg10FXKadY="
    },
    "async.util.noop": {
      "version": "0.5.2",
      "resolved": "https://registry.npmjs.org/async.util.noop/-/async.util.noop-0.5.2.tgz",
      "integrity": "sha1-vdYrl8sKo/YLWGrRSEaGmJdeWLk="
    },
    "async.util.onlyonce": {
      "version": "0.5.2",
      "resolved": "https://registry.npmjs.org/async.util.onlyonce/-/async.util.onlyonce-0.5.2.tgz",
      "integrity": "sha1-uOb8AErckjFk154y8oE+5GXCT/I="
    },
    "async.util.queue": {
      "version": "0.5.2",
      "resolved": "https://registry.npmjs.org/async.util.queue/-/async.util.queue-0.5.2.tgz",
      "integrity": "sha1-V/Zavho83yc9MavSirlUJfgiLuU=",
      "requires": {
        "async.util.arrayeach": "0.5.2",
        "async.util.isarray": "0.5.2",
        "async.util.map": "0.5.2",
        "async.util.noop": "0.5.2",
        "async.util.onlyonce": "0.5.2",
        "async.util.setimmediate": "0.5.2"
      }
    },
    "async.util.setimmediate": {
      "version": "0.5.2",
      "resolved": "https://registry.npmjs.org/async.util.setimmediate/-/async.util.setimmediate-0.5.2.tgz",
      "integrity": "sha1-KBLrq/KlgCd1jUvHeT0cz68QJV8="
    },
    "axios": {
      "version": "0.18.0",
      "resolved": "https://registry.npmjs.org/axios/-/axios-0.18.0.tgz",
      "integrity": "sha1-MtU+SFHv3AoRmTts0AB4nXDAUQI=",
      "requires": {
        "follow-redirects": "^1.3.0",
        "is-buffer": "^1.1.5"
      }
    },
    "buffer-writer": {
      "version": "2.0.0",
      "resolved": "https://registry.npmjs.org/buffer-writer/-/buffer-writer-2.0.0.tgz",
      "integrity": "sha512-a7ZpuTZU1TRtnwyCNW3I5dc0wWNC3VR9S++Ewyk2HHZdrO3CQJqSpd+95Us590V6AL7JqUAH2IwZ/398PmNFgw=="
    },
    "debug": {
      "version": "3.1.0",
      "resolved": "https://registry.npmjs.org/debug/-/debug-3.1.0.tgz",
      "integrity": "sha512-OX8XqP7/1a9cqkxYw2yXss15f26NKWBpDXQd0/uK/KPqdQhxbPa994hnzjcE2VqQpDslf55723cKPUOGSmMY3g==",
      "requires": {
        "ms": "2.0.0"
      }
    },
    "dotenv": {
      "version": "6.2.0",
      "resolved": "https://registry.npmjs.org/dotenv/-/dotenv-6.2.0.tgz",
      "integrity": "sha512-HygQCKUBSFl8wKQZBSemMywRWcEDNidvNbjGVyZu3nbZ8qq9ubiPoGLMdRDpfSrpkkm9BXYFkpKxxFX38o/76w=="
    },
    "follow-redirects": {
      "version": "1.6.1",
      "resolved": "https://registry.npmjs.org/follow-redirects/-/follow-redirects-1.6.1.tgz",
      "integrity": "sha512-t2JCjbzxQpWvbhts3l6SH1DKzSrx8a+SsaVf4h6bG4kOXUuPYS/kg2Lr4gQSb7eemaHqJkOThF1BGyjlUkO1GQ==",
      "requires": {
        "debug": "=3.1.0"
      }
    },
    "is-buffer": {
      "version": "1.1.6",
      "resolved": "https://registry.npmjs.org/is-buffer/-/is-buffer-1.1.6.tgz",
      "integrity": "sha512-NcdALwpXkTm5Zvvbk7owOUSvVvBKDgKP5/ewfXEznmQFfs4ZRmanOeKBTjRVjka3QFoN6XJ+9F3USqfHqTaU5w=="
    },
    "ms": {
      "version": "2.0.0",
      "resolved": "https://registry.npmjs.org/ms/-/ms-2.0.0.tgz",
      "integrity": "sha1-VgiurfwAvmwpAd9fmGF4jeDVl8g="
    },
    "packet-reader": {
      "version": "0.3.1",
      "resolved": "https://registry.npmjs.org/packet-reader/-/packet-reader-0.3.1.tgz",
      "integrity": "sha1-zWLmCvjX/qinBexP+ZCHHEaHHyc="
    },
    "pg": {
      "version": "7.8.0",
      "resolved": "https://registry.npmjs.org/pg/-/pg-7.8.0.tgz",
      "integrity": "sha512-yS3C9YD+ft0H7G47uU0eKajgTieggCXdA+Fxhm5G+wionY6kPBa8BEVDwPLMxQvkRkv3/LXiFEqjZm9gfxdW+g==",
      "requires": {
        "buffer-writer": "2.0.0",
        "packet-reader": "0.3.1",
        "pg-connection-string": "0.1.3",
        "pg-pool": "^2.0.4",
        "pg-types": "~2.0.0",
        "pgpass": "1.x",
        "semver": "4.3.2"
      }
    },
    "pg-connection-string": {
      "version": "0.1.3",
      "resolved": "https://registry.npmjs.org/pg-connection-string/-/pg-connection-string-0.1.3.tgz",
      "integrity": "sha1-2hhHsglA5C7hSSvq9l1J2RskXfc="
    },
    "pg-int8": {
      "version": "1.0.1",
      "resolved": "https://registry.npmjs.org/pg-int8/-/pg-int8-1.0.1.tgz",
      "integrity": "sha512-WCtabS6t3c8SkpDBUlb1kjOs7l66xsGdKpIPZsg4wR+B3+u9UAum2odSsF9tnvxg80h4ZxLWMy4pRjOsFIqQpw=="
    },
    "pg-pool": {
      "version": "2.0.6",
      "resolved": "https://registry.npmjs.org/pg-pool/-/pg-pool-2.0.6.tgz",
      "integrity": "sha512-hod2zYQxM8Gt482q+qONGTYcg/qVcV32VHVPtktbBJs0us3Dj7xibISw0BAAXVMCzt8A/jhfJvpZaxUlqtqs0g=="
    },
    "pg-types": {
      "version": "2.0.0",
      "resolved": "https://registry.npmjs.org/pg-types/-/pg-types-2.0.0.tgz",
      "integrity": "sha512-THUD7gQll5tys+5eQ8Rvs7DjHiIC3bLqixk3gMN9Hu8UrCBAOjf35FoI39rTGGc3lM2HU/R+Knpxvd11mCwOMA==",
      "requires": {
        "pg-int8": "1.0.1",
        "postgres-array": "~2.0.0",
        "postgres-bytea": "~1.0.0",
        "postgres-date": "~1.0.0",
        "postgres-interval": "^1.1.0"
      }
    },
    "pgpass": {
      "version": "1.0.2",
      "resolved": "https://registry.npmjs.org/pgpass/-/pgpass-1.0.2.tgz",
      "integrity": "sha1-Knu0G2BltnkH6R2hsHwYR8h3swY=",
      "requires": {
        "split": "^1.0.0"
      }
    },
    "postgres-array": {
      "version": "2.0.0",
      "resolved": "https://registry.npmjs.org/postgres-array/-/postgres-array-2.0.0.tgz",
      "integrity": "sha512-VpZrUqU5A69eQyW2c5CA1jtLecCsN2U/bD6VilrFDWq5+5UIEVO7nazS3TEcHf1zuPYO/sqGvUvW62g86RXZuA=="
    },
    "postgres-bytea": {
      "version": "1.0.0",
      "resolved": "https://registry.npmjs.org/postgres-bytea/-/postgres-bytea-1.0.0.tgz",
      "integrity": "sha1-AntTPAqokOJtFy1Hz5zOzFIazTU="
    },
    "postgres-date": {
      "version": "1.0.3",
      "resolved": "https://registry.npmjs.org/postgres-date/-/postgres-date-1.0.3.tgz",
      "integrity": "sha1-4tiXAu/bJY/52c7g/pG9BpdSV6g="
    },
    "postgres-interval": {
      "version": "1.1.2",
      "resolved": "https://registry.npmjs.org/postgres-interval/-/postgres-interval-1.1.2.tgz",
      "integrity": "sha512-fC3xNHeTskCxL1dC8KOtxXt7YeFmlbTYtn7ul8MkVERuTmf7pI4DrkAxcw3kh1fQ9uz4wQmd03a1mRiXUZChfQ==",
      "requires": {
        "xtend": "^4.0.0"
      }
    },
    "semver": {
      "version": "4.3.2",
      "resolved": "https://registry.npmjs.org/semver/-/semver-4.3.2.tgz",
      "integrity": "sha1-x6BxWKgL7dBSNVt3DYLWZA+AO+c="
    },
    "split": {
      "version": "1.0.1",
      "resolved": "https://registry.npmjs.org/split/-/split-1.0.1.tgz",
      "integrity": "sha512-mTyOoPbrivtXnwnIxZRFYRrPNtEFKlpB2fvjSnCQUiAA6qAZzqwna5envK4uk6OIeP17CsdF3rSBGYVBsU0Tkg==",
      "requires": {
        "through": "2"
      }
    },
    "through": {
      "version": "2.3.8",
      "resolved": "https://registry.npmjs.org/through/-/through-2.3.8.tgz",
      "integrity": "sha1-DdTJ/6q8NXlgsbckEV1+Doai4fU="
    },
    "xtend": {
      "version": "4.0.1",
      "resolved": "https://registry.npmjs.org/xtend/-/xtend-4.0.1.tgz",
      "integrity": "sha1-pcbVMr5lbiPbgg77lDofBJmNY68="
    }
  }
}
